<?xml version="1.0" encoding="utf-8"?>
<Project ToolsVersion="4.0" xmlns="http://schemas.microsoft.com/developer/msbuild/2003">
  <ItemGroup>
    <Filter Include="源文件">
      <UniqueIdentifier>{4FC737F1-C7A5-4376-A066-2A32D752A2FF}</UniqueIdentifier>
      <Extensions>cpp;c;cc;cxx;c++;cppm;ixx;def;odl;idl;hpj;bat;asm;asmx</Extensions>
    </Filter>
    <Filter Include="头文件">
      <UniqueIdentifier>{93995380-89BD-4b04-88EB-625FBE52EBFB}</UniqueIdentifier>
      <Extensions>h;hh;hpp;hxx;h++;hm;inl;inc;ipp;xsd</Extensions>
    </Filter>
    <Filter Include="资源文件">
      <UniqueIdentifier>{67DA6AB6-F800-4c08-8B7A-83BB121AAD01}</UniqueIdentifier>
      <Extensions>rc;ico;cur;bmp;dlg;rc2;rct;bin;rgs;gif;jpg;jpeg;jpe;resx;tiff;tif;png;wav;mfcribbon-ms</Extensions>
    </Filter>
    <Filter Include="源文件\磁盘设备">
      <UniqueIdentifier>{1ad4e89e-251a-4d77-9669-16b479febb3c}</UniqueIdentifier>
      <Extensions>cpp;c;cc;cxx;c++;cppm;ixx;def;odl;idl;hpj;bat;asm;asmx</Extensions>
    </Filter>
    <Filter Include="源文件\分区表">
      <UniqueIdentifier>{573ad48c-4253-4ad0-98f9-e3ad87423d0e}</UniqueIdentifier>
      <Extensions>cpp;c;cc;cxx;c++;cppm;ixx;def;odl;idl;hpj;bat;asm;asmx</Extensions>
    </Filter>
    <Filter Include="源文件\命令">
      <UniqueIdentifier>{c189e181-e980-4dfc-834f-52c05ea55b2a}</UniqueIdentifier>
      <Extensions>cpp;c;cc;cxx;c++;cppm;ixx;def;odl;idl;hpj;bat;asm;asmx</Extensions>
    </Filter>
    <Filter Include="源文件\文件系统">
      <UniqueIdentifier>{60430864-f5ac-430f-bb4b-806a7977795a}</UniqueIdentifier>
      <Extensions>cpp;c;cc;cxx;c++;cppm;ixx;def;odl;idl;hpj;bat;asm;asmx</Extensions>
    </Filter>
    <Filter Include="源文件\核心">
      <UniqueIdentifier>{d83e29ea-e27a-48e4-88c9-eea6dc3e5c88}</UniqueIdentifier>
      <Extensions>cpp;c;cc;cxx;c++;cppm;ixx;def;odl;idl;hpj;bat;asm;asmx</Extensions>
    </Filter>
    <Filter Include="源文件\杂项">
      <UniqueIdentifier>{d3a8576f-40ff-4223-acc9-08e950cfa577}</UniqueIdentifier>
      <Extensions>cpp;c;cc;cxx;c++;cppm;ixx;def;odl;idl;hpj;bat;asm;asmx</Extensions>
    </Filter>
    <Filter Include="头文件\文件系统">
      <UniqueIdentifier>{eab9731a-c27d-46f9-bb30-46d5b2672964}</UniqueIdentifier>
      <Extensions>h;hh;hpp;hxx;h++;hm;inl;inc;ipp;xsd</Extensions>
    </Filter>
    <Filter Include="头文件\分区表">
      <UniqueIdentifier>{4af2f182-480f-41b5-afa3-ab62a877cd58}</UniqueIdentifier>
      <Extensions>h;hh;hpp;hxx;h++;hm;inl;inc;ipp;xsd</Extensions>
    </Filter>
    <Filter Include="源文件\压缩">
      <UniqueIdentifier>{2d8bfc30-bbc5-4a1a-a61c-7546fa9b11ae}</UniqueIdentifier>
      <Extensions>cpp;c;cc;cxx;c++;cppm;ixx;def;odl;idl;hpj;bat;asm;asmx</Extensions>
    </Filter>
    <Filter Include="源文件\加密">
      <UniqueIdentifier>{abb78af0-1dbb-4ff4-9512-b2ddc37c0d2f}</UniqueIdentifier>
      <Extensions>cpp;c;cc;cxx;c++;cppm;ixx;def;odl;idl;hpj;bat;asm;asmx</Extensions>
    </Filter>
    <Filter Include="头文件\加密">
      <UniqueIdentifier>{f5959a85-d4c6-48b9-843b-fdd66c164d62}</UniqueIdentifier>
      <Extensions>h;hh;hpp;hxx;h++;hm;inl;inc;ipp;xsd</Extensions>
    </Filter>
    <Filter Include="源文件\xzembed">
      <UniqueIdentifier>{e5f88c4d-f590-4b39-9087-53ad185ad89d}</UniqueIdentifier>
    </Filter>
    <Filter Include="源文件\minilzo">
      <UniqueIdentifier>{9020e711-bb49-43b9-a948-92bc3fb88109}</UniqueIdentifier>
    </Filter>
    <Filter Include="源文件\lzma_sdk">
      <UniqueIdentifier>{ae7b37ab-1a92-4dbb-a817-d82c2e35aa54}</UniqueIdentifier>
    </Filter>
    <Filter Include="源文件\zstd">
      <UniqueIdentifier>{ce86f4bb-6911-4628-a4f6-dba4a94f3420}</UniqueIdentifier>
    </Filter>
    <Filter Include="源文件\引导记录">
      <UniqueIdentifier>{abc7f449-5937-4076-a459-82fd6a79431f}</UniqueIdentifier>
      <Extensions>cpp;c;cc;cxx;c++;cppm;ixx;def;odl;idl;hpj;bat;asm;asmx</Extensions>
    </Filter>
    <Filter Include="头文件\引导记录">
      <UniqueIdentifier>{5c6d69c4-696a-49fd-9ef4-abf4140056dd}</UniqueIdentifier>
      <Extensions>h;hh;hpp;hxx;h++;hm;inl;inc;ipp;xsd</Extensions>
    </Filter>
  </ItemGroup>
  <ItemGroup>
    <ClCompile Include="diskfire.c">
      <Filter>源文件</Filter>
    </ClCompile>
    <ClCompile Include="partmap\gpt.c">
      <Filter>源文件\分区表</Filter>
    </ClCompile>
    <ClCompile Include="partmap\msdos.c">
      <Filter>源文件\分区表</Filter>
    </ClCompile>
    <ClCompile Include="partmap\apple.c">
      <Filter>源文件\分区表</Filter>
    </ClCompile>
    <ClCompile Include="partmap\bsdlabel.c">
      <Filter>源文件\分区表</Filter>
    </ClCompile>
    <ClCompile Include="partmap\dfly.c">
      <Filter>源文件\分区表</Filter>
    </ClCompile>
    <ClCompile Include="fs\exfat.c">
      <Filter>源文件\文件系统</Filter>
    </ClCompile>
    <ClCompile Include="fs\fat.c">
      <Filter>源文件\文件系统</Filter>
    </ClCompile>
    <ClCompile Include="commands\ls.c">
      <Filter>源文件\命令</Filter>
    </ClCompile>
    <ClCompile Include="fs\ntfs.c">
      <Filter>源文件\文件系统</Filter>
    </ClCompile>
    <ClCompile Include="fs\fbfs.c">
      <Filter>源文件\文件系统</Filter>
    </ClCompile>
    <ClCompile Include="fs\ext2.c">
      <Filter>源文件\文件系统</Filter>
    </ClCompile>
    <ClCompile Include="fs\iso9660.c">
      <Filter>源文件\文件系统</Filter>
    </ClCompile>
    <ClCompile Include="fs\udf.c">
      <Filter>源文件\文件系统</Filter>
    </ClCompile>
    <ClCompile Include="disk\windisk.c">
      <Filter>源文件\磁盘设备</Filter>
    </ClCompile>
    <ClCompile Include="disk\loopback.c">
      <Filter>源文件\磁盘设备</Filter>
    </ClCompile>
    <ClCompile Include="fs\cpio.c">
      <Filter>源文件\文件系统</Filter>
    </ClCompile>
    <ClCompile Include="fs\cpio_be.c">
      <Filter>源文件\文件系统</Filter>
    </ClCompile>
    <ClCompile Include="fs\cpio_common.c">
      <Filter>源文件\文件系统</Filter>
    </ClCompile>
    <ClCompile Include="fs\newc.c">
      <Filter>源文件\文件系统</Filter>
    </ClCompile>
    <ClCompile Include="fs\tar.c">
      <Filter>源文件\文件系统</Filter>
    </ClCompile>
    <ClCompile Include="commands\extract.c">
      <Filter>源文件\命令</Filter>
    </ClCompile>
    <ClCompile Include="diskio.c">
      <Filter>源文件\核心</Filter>
    </ClCompile>
    <ClCompile Include="file.c">
      <Filter>源文件\核心</Filter>
    </ClCompile>
    <ClCompile Include="fs.c">
      <Filter>源文件\核心</Filter>
    </ClCompile>
    <ClCompile Include="partition.c">
      <Filter>源文件\核心</Filter>
    </ClCompile>
    <ClCompile Include="archelp.c">
      <Filter>源文件\杂项</Filter>
    </ClCompile>
    <ClCompile Include="compat.c">
      <Filter>源文件\核心</Filter>
    </ClCompile>
    <ClCompile Include="fshelp.c">
      <Filter>源文件\杂项</Filter>
    </ClCompile>
    <ClCompile Include="misc.c">
      <Filter>源文件\杂项</Filter>
    </ClCompile>
    <ClCompile Include="io\gzio.c">
      <Filter>源文件\压缩</Filter>
    </ClCompile>
    <ClCompile Include="crypto\crc32.c">
      <Filter>源文件\加密</Filter>
    </ClCompile>
    <ClCompile Include="crypto\adler32.c">
      <Filter>源文件\加密</Filter>
    </ClCompile>
    <ClCompile Include="crypto\sha256.c">
      <Filter>源文件\加密</Filter>
    </ClCompile>
    <ClCompile Include="crypto\crypto.c">
      <Filter>源文件\加密</Filter>
    </ClCompile>
    <ClCompile Include="xzembed\xz_dec_bcj.c">
      <Filter>源文件\xzembed</Filter>
    </ClCompile>
    <ClCompile Include="xzembed\xz_dec_lzma2.c">
      <Filter>源文件\xzembed</Filter>
    </ClCompile>
    <ClCompile Include="xzembed\xz_dec_stream.c">
      <Filter>源文件\xzembed</Filter>
    </ClCompile>
    <ClCompile Include="io\xzio.c">
      <Filter>源文件\压缩</Filter>
    </ClCompile>
    <ClCompile Include="minilzo\minilzo.c">
      <Filter>源文件\minilzo</Filter>
    </ClCompile>
    <ClCompile Include="io\lzopio.c">
      <Filter>源文件\压缩</Filter>
    </ClCompile>
    <ClCompile Include="io\vhdio.c">
      <Filter>源文件\压缩</Filter>
    </ClCompile>
    <ClCompile Include="lzmasdk\LzmaDec.c">
      <Filter>源文件\lzma_sdk</Filter>
    </ClCompile>
    <ClCompile Include="io\lzmaio.c">
      <Filter>源文件\压缩</Filter>
    </ClCompile>
    <ClCompile Include="commands\probe.c">
      <Filter>源文件\命令</Filter>
    </ClCompile>
    <ClCompile Include="commands\help.c">
      <Filter>源文件\命令</Filter>
    </ClCompile>
    <ClCompile Include="command.c">
      <Filter>源文件\核心</Filter>
    </ClCompile>
    <ClCompile Include="crypto\md5.c">
      <Filter>源文件\加密</Filter>
    </ClCompile>
    <ClCompile Include="crypto\sha1.c">
      <Filter>源文件\加密</Filter>
    </ClCompile>
    <ClCompile Include="commands\hashsum.c">
      <Filter>源文件\命令</Filter>
    </ClCompile>
    <ClCompile Include="fs\squash4.c">
      <Filter>源文件\文件系统</Filter>
    </ClCompile>
    <ClCompile Include="fs\f2fs.c">
      <Filter>源文件\文件系统</Filter>
    </ClCompile>
    <ClCompile Include="fs\xfs.c">
      <Filter>源文件\文件系统</Filter>
    </ClCompile>
    <ClCompile Include="fs\jfs.c">
      <Filter>源文件\文件系统</Filter>
    </ClCompile>
    <ClCompile Include="fs\hfsplus.c">
      <Filter>源文件\文件系统</Filter>
    </ClCompile>
    <ClCompile Include="fs\hfs.c">
      <Filter>源文件\文件系统</Filter>
    </ClCompile>
    <ClCompile Include="zstd\debug.c">
      <Filter>源文件\zstd</Filter>
    </ClCompile>
    <ClCompile Include="zstd\entropy_common.c">
      <Filter>源文件\zstd</Filter>
    </ClCompile>
    <ClCompile Include="zstd\error_private.c">
      <Filter>源文件\zstd</Filter>
    </ClCompile>
    <ClCompile Include="zstd\fse_decompress.c">
      <Filter>源文件\zstd</Filter>
    </ClCompile>
    <ClCompile Include="zstd\huf_decompress.c">
      <Filter>源文件\zstd</Filter>
    </ClCompile>
    <ClCompile Include="zstd\xxhash.c">
      <Filter>源文件\zstd</Filter>
    </ClCompile>
    <ClCompile Include="zstd\zstd_common.c">
      <Filter>源文件\zstd</Filter>
    </ClCompile>
    <ClCompile Include="zstd\zstd_decompress.c">
      <Filter>源文件\zstd</Filter>
    </ClCompile>
    <ClCompile Include="fs\btrfs.c">
      <Filter>源文件\文件系统</Filter>
    </ClCompile>
    <ClCompile Include="fs\reiserfs.c">
      <Filter>源文件\文件系统</Filter>
    </ClCompile>
    <ClCompile Include="commands\hxd.c">
      <Filter>源文件\命令</Filter>
    </ClCompile>
    <ClCompile Include="commands\stat.c">
      <Filter>源文件\命令</Filter>
    </ClCompile>
    <ClCompile Include="commands\blocklist.c">
      <Filter>源文件\命令</Filter>
    </ClCompile>
    <ClCompile Include="commands\mbr.c">
      <Filter>源文件\命令</Filter>
    </ClCompile>
    <ClCompile Include="br.c">
      <Filter>源文件\核心</Filter>
    </ClCompile>
    <ClCompile Include="br\mbr_nt6.c">
      <Filter>源文件\引导记录</Filter>
    </ClCompile>
    <ClCompile Include="commands\bin2c.c">
      <Filter>源文件\命令</Filter>
    </ClCompile>
    <ClCompile Include="br\mbr_nt5.c">
      <Filter>源文件\引导记录</Filter>
    </ClCompile>
    <ClCompile Include="br\mbr_empty.c">
      <Filter>源文件\引导记录</Filter>
    </ClCompile>
    <ClCompile Include="br\mbr_grldr.c">
      <Filter>源文件\引导记录</Filter>
    </ClCompile>
    <ClCompile Include="br\mbr_grub2.c">
      <Filter>源文件\引导记录</Filter>
    </ClCompile>
    <ClCompile Include="br\mbr_xorboot.c">
      <Filter>源文件\引导记录</Filter>
    </ClCompile>
    <ClCompile Include="br\mbr_plop.c">
      <Filter>源文件\引导记录</Filter>
    </ClCompile>
    <ClCompile Include="br\mbr_fbinst.c">
      <Filter>源文件\引导记录</Filter>
    </ClCompile>
    <ClCompile Include="br\mbr_rufus.c">
      <Filter>源文件\引导记录</Filter>
    </ClCompile>
  </ItemGroup>
  <ItemGroup>
    <None Include="packages.config" />
    <None Include="cpp.hint" />
  </ItemGroup>
  <ItemGroup>
    <ClInclude Include="include\disk.h">
      <Filter>头文件</Filter>
    </ClInclude>
    <ClInclude Include="include\compat.h">
      <Filter>头文件</Filter>
    </ClInclude>
    <ClInclude Include="include\partition.h">
      <Filter>头文件</Filter>
    </ClInclude>
    <ClInclude Include="include\misc.h">
      <Filter>头文件</Filter>
    </ClInclude>
    <ClInclude Include="include\fs.h">
      <Filter>头文件</Filter>
    </ClInclude>
    <ClInclude Include="include\file.h">
      <Filter>头文件</Filter>
    </ClInclude>
    <ClInclude Include="include\fshelp.h">
      <Filter>头文件</Filter>
    </ClInclude>
    <ClInclude Include="include\archelp.h">
      <Filter>头文件</Filter>
    </ClInclude>
    <ClInclude Include="include\charset.h">
      <Filter>头文件</Filter>
    </ClInclude>
    <ClInclude Include="include\datetime.h">
      <Filter>头文件</Filter>
    </ClInclude>
    <ClInclude Include="include\command.h">
      <Filter>头文件</Filter>
    </ClInclude>
    <ClInclude Include="fs\exfat.h">
      <Filter>头文件\文件系统</Filter>
    </ClInclude>
    <ClInclude Include="fs\fat.h">
      <Filter>头文件\文件系统</Filter>
    </ClInclude>
    <ClInclude Include="fs\fbfs.h">
      <Filter>头文件\文件系统</Filter>
    </ClInclude>
    <ClInclude Include="fs\ntfs.h">
      <Filter>头文件\文件系统</Filter>
    </ClInclude>
    <ClInclude Include="partmap\bsdlabel.h">
      <Filter>头文件\分区表</Filter>
    </ClInclude>
    <ClInclude Include="partmap\msdos_partition.h">
      <Filter>头文件\分区表</Filter>
    </ClInclude>
    <ClInclude Include="partmap\gpt_partition.h">
      <Filter>头文件\分区表</Filter>
    </ClInclude>
    <ClInclude Include="include\crypto.h">
      <Filter>头文件</Filter>
    </ClInclude>
    <ClInclude Include="crypto\gcry_wrap.h">
      <Filter>头文件\加密</Filter>
    </ClInclude>
    <ClInclude Include="xzembed\xz.h">
      <Filter>源文件\xzembed</Filter>
    </ClInclude>
    <ClInclude Include="xzembed\xz_config.h">
      <Filter>源文件\xzembed</Filter>
    </ClInclude>
    <ClInclude Include="xzembed\xz_lzma2.h">
      <Filter>源文件\xzembed</Filter>
    </ClInclude>
    <ClInclude Include="xzembed\xz_private.h">
      <Filter>源文件\xzembed</Filter>
    </ClInclude>
    <ClInclude Include="xzembed\xz_stream.h">
      <Filter>源文件\xzembed</Filter>
    </ClInclude>
    <ClInclude Include="minilzo\lzoconf.h">
      <Filter>源文件\minilzo</Filter>
    </ClInclude>
    <ClInclude Include="minilzo\lzodefs.h">
      <Filter>源文件\minilzo</Filter>
    </ClInclude>
    <ClInclude Include="minilzo\minilzo.h">
      <Filter>源文件\minilzo</Filter>
    </ClInclude>
    <ClInclude Include="lzmasdk\LzmaDec.h">
      <Filter>源文件\lzma_sdk</Filter>
    </ClInclude>
    <ClInclude Include="lzmasdk\LzmaTypes.h">
      <Filter>源文件\lzma_sdk</Filter>
    </ClInclude>
    <ClInclude Include="include\deflate.h">
      <Filter>头文件</Filter>
    </ClInclude>
    <ClInclude Include="fs\hfsplus.h">
      <Filter>头文件\文件系统</Filter>
    </ClInclude>
    <ClInclude Include="fs\hfs.h">
      <Filter>头文件\文件系统</Filter>
    </ClInclude>
    <ClInclude Include="zstd\bitstream.h">
      <Filter>源文件\zstd</Filter>
    </ClInclude>
    <ClInclude Include="zstd\compiler.h">
      <Filter>源文件\zstd</Filter>
    </ClInclude>
    <ClInclude Include="zstd\cpu.h">
      <Filter>源文件\zstd</Filter>
    </ClInclude>
    <ClInclude Include="zstd\debug.h">
      <Filter>源文件\zstd</Filter>
    </ClInclude>
    <ClInclude Include="zstd\error_private.h">
      <Filter>源文件\zstd</Filter>
    </ClInclude>
    <ClInclude Include="zstd\fse.h">
      <Filter>源文件\zstd</Filter>
    </ClInclude>
    <ClInclude Include="zstd\huf.h">
      <Filter>源文件\zstd</Filter>
    </ClInclude>
    <ClInclude Include="zstd\mem.h">
      <Filter>源文件\zstd</Filter>
    </ClInclude>
    <ClInclude Include="zstd\xxhash.h">
      <Filter>源文件\zstd</Filter>
    </ClInclude>
    <ClInclude Include="zstd\zstd.h">
      <Filter>源文件\zstd</Filter>
    </ClInclude>
    <ClInclude Include="zstd\zstd_errors.h">
      <Filter>源文件\zstd</Filter>
    </ClInclude>
    <ClInclude Include="zstd\zstd_internal.h">
      <Filter>源文件\zstd</Filter>
    </ClInclude>
    <ClInclude Include="fs\btrfs.h">
      <Filter>头文件\文件系统</Filter>
    </ClInclude>
    <ClInclude Include="include\br.h">
      <Filter>头文件</Filter>
    </ClInclude>
    <ClInclude Include="br\mbr_nt5.h">
      <Filter>头文件\引导记录</Filter>
    </ClInclude>
    <ClInclude Include="br\mbr_nt6.h">
      <Filter>头文件\引导记录</Filter>
    </ClInclude>
    <ClInclude Include="br\mbr_grldr.h">
      <Filter>头文件\引导记录</Filter>
    </ClInclude>
    <ClInclude Include="br\mbr_rufus.h">
      <Filter>头文件\引导记录</Filter>
    </ClInclude>
  </ItemGroup>
</Project>